# THIS IS AN AUTOGENERATED FILE. DO NOT EDIT THIS FILE DIRECTLY.
# yarn lockfile v1


"@babel/helper-annotate-as-pure@^7.18.6":
  version "7.18.6"
  resolved "https://registry.npmjs.org/@babel/helper-annotate-as-pure/-/helper-annotate-as-pure-7.18.6.tgz"
  integrity sha512-duORpUiYrEpzKIop6iNbjnwKLAKnJ47csTyRACyEmWj0QdUrm5aqNJGHSSEQSUAvNW0ojX0dOmK9dZduvkfeXA==
  dependencies:
    "@babel/types" "^7.18.6"

"@babel/helper-module-imports@^7.18.6":
  version "7.18.6"
  resolved "https://registry.npmjs.org/@babel/helper-module-imports/-/helper-module-imports-7.18.6.tgz"
  integrity sha512-0NFvs3VkuSYbFi1x2Vd6tKrywq+z/cLeYC/RJNFrIX/30Bf5aiGYbtvGXolEktzJH8o5E5KJ3tT+nkxuuZFVlA==
  dependencies:
    "@babel/types" "^7.18.6"

"@babel/helper-plugin-utils@^7.18.6":
  version "7.18.6"
  resolved "https://registry.npmjs.org/@babel/helper-plugin-utils/-/helper-plugin-utils-7.18.6.tgz"
  integrity sha512-gvZnm1YAAxh13eJdkb9EWHBnF3eAub3XTLCZEehHT2kWxiKVRL64+ae5Y6Ivne0mVHmMYKT+xWgZO+gQhuLUBg==

"@babel/helper-validator-identifier@^7.18.6":
  version "7.18.6"
  resolved "https://registry.npmjs.org/@babel/helper-validator-identifier/-/helper-validator-identifier-7.18.6.tgz"
  integrity sha512-MmetCkz9ej86nJQV+sFCxoGGrUbU3q02kgLciwkrt9QqEB7cP39oKEY0PakknEO0Gu20SskMRi+AYZ3b1TpN9g==

"@babel/helper-validator-option@^7.18.6":
  version "7.18.6"
  resolved "https://registry.npmjs.org/@babel/helper-validator-option/-/helper-validator-option-7.18.6.tgz"
  integrity sha512-XO7gESt5ouv/LRJdrVjkShckw6STTaB7l9BrpBaAHDeF5YZT+01PCwmR0SJHnkW6i8OwW/EVWRShfi4j2x+KQw==

"@babel/plugin-syntax-jsx@^7.18.6":
  version "7.18.6"
  resolved "https://registry.npmjs.org/@babel/plugin-syntax-jsx/-/plugin-syntax-jsx-7.18.6.tgz"
  integrity sha512-6mmljtAedFGTWu2p/8WIORGwy+61PLgOMPOdazc7YoJ9ZCWUyFy3A6CpPkRKLKD1ToAesxX8KGEViAiLo9N+7Q==
  dependencies:
    "@babel/helper-plugin-utils" "^7.18.6"

"@babel/plugin-transform-react-display-name@^7.18.6":
  version "7.18.6"
  resolved "https://registry.npmjs.org/@babel/plugin-transform-react-display-name/-/plugin-transform-react-display-name-7.18.6.tgz"
  integrity sha512-TV4sQ+T013n61uMoygyMRm+xf04Bd5oqFpv2jAEQwSZ8NwQA7zeRPg1LMVg2PWi3zWBz+CLKD+v5bcpZ/BS0aA==
  dependencies:
    "@babel/helper-plugin-utils" "^7.18.6"

"@babel/plugin-transform-react-jsx-development@^7.18.6":
  version "7.18.6"
  resolved "https://registry.npmjs.org/@babel/plugin-transform-react-jsx-development/-/plugin-transform-react-jsx-development-7.18.6.tgz"
  integrity sha512-SA6HEjwYFKF7WDjWcMcMGUimmw/nhNRDWxr+KaLSCrkD/LMDBvWRmHAYgE1HDeF8KUuI8OAu+RT6EOtKxSW2qA==
  dependencies:
    "@babel/plugin-transform-react-jsx" "^7.18.6"

"@babel/plugin-transform-react-jsx@^7.18.6":
  version "7.18.6"
  resolved "https://registry.npmjs.org/@babel/plugin-transform-react-jsx/-/plugin-transform-react-jsx-7.18.6.tgz"
  integrity sha512-Mz7xMPxoy9kPS/JScj6fJs03TZ/fZ1dJPlMjRAgTaxaS0fUBk8FV/A2rRgfPsVCZqALNwMexD+0Uaf5zlcKPpw==
  dependencies:
    "@babel/helper-annotate-as-pure" "^7.18.6"
    "@babel/helper-module-imports" "^7.18.6"
    "@babel/helper-plugin-utils" "^7.18.6"
    "@babel/plugin-syntax-jsx" "^7.18.6"
    "@babel/types" "^7.18.6"

"@babel/plugin-transform-react-pure-annotations@^7.18.6":
  version "7.18.6"
  resolved "https://registry.npmjs.org/@babel/plugin-transform-react-pure-annotations/-/plugin-transform-react-pure-annotations-7.18.6.tgz"
  integrity sha512-I8VfEPg9r2TRDdvnHgPepTKvuRomzA8+u+nhY7qSI1fR2hRNebasZEETLyM5mAUr0Ku56OkXJ0I7NHJnO6cJiQ==
  dependencies:
    "@babel/helper-annotate-as-pure" "^7.18.6"
    "@babel/helper-plugin-utils" "^7.18.6"

"@babel/preset-react@^7.18.6":
  version "7.18.6"
  resolved "https://registry.npmjs.org/@babel/preset-react/-/preset-react-7.18.6.tgz"
  integrity sha512-zXr6atUmyYdiWRVLOZahakYmOBHtWc2WGCkP8PYTgZi0iJXDY2CN180TdrIW4OGOAdLc7TifzDIvtx6izaRIzg==
  dependencies:
    "@babel/helper-plugin-utils" "^7.18.6"
    "@babel/helper-validator-option" "^7.18.6"
    "@babel/plugin-transform-react-display-name" "^7.18.6"
    "@babel/plugin-transform-react-jsx" "^7.18.6"
    "@babel/plugin-transform-react-jsx-development" "^7.18.6"
    "@babel/plugin-transform-react-pure-annotations" "^7.18.6"

"@babel/runtime@^7.12.5", "@babel/runtime@^7.7.6":
  version "7.18.3"
  resolved "https://registry.npmjs.org/@babel/runtime/-/runtime-7.18.3.tgz"
  integrity sha512-38Y8f7YUhce/K7RMwTp7m0uCumpv9hZkitCbBClqQIow1qSbCvGkcegKOXpEWCQLfWmevgRiWokZ1GkpfhbZug==
  dependencies:
    regenerator-runtime "^0.13.4"

"@babel/types@^7.18.6":
  version "7.18.8"
  resolved "https://registry.npmjs.org/@babel/types/-/types-7.18.8.tgz"
  integrity sha512-qwpdsmraq0aJ3osLJRApsc2ouSJCdnMeZwB0DhbtHAtRpZNZCdlbRnHIgcRKzdE1g0iOGg644fzjOBcdOz9cPw==
  dependencies:
    "@babel/helper-validator-identifier" "^7.18.6"
    to-fast-properties "^2.0.0"

"@hotwired/stimulus@^3.0.1":
  version "3.0.1"
  resolved "https://registry.npmjs.org/@hotwired/stimulus/-/stimulus-3.0.1.tgz"
  integrity sha512-oHsJhgY2cip+K2ED7vKUNd2P+BEswVhrCYcJ802DSsblJFv7mPFVk3cQKvm2vHgHeDVdnj7oOKrBbzp1u8D+KA==

"@hotwired/turbo-rails@^7.1.3":
  version "7.1.3"
  resolved "https://registry.npmjs.org/@hotwired/turbo-rails/-/turbo-rails-7.1.3.tgz"
  integrity sha512-6qKgn75bMWKx0bJgmSfrdC73EJkGLoSWZPAssvcd3nE7ZpDZff6f67j5OQNjjpRgNB7OFruom6VWguGQGu1fQg==
  dependencies:
    "@hotwired/turbo" "^7.1.0"
    "@rails/actioncable" "^7.0"

"@hotwired/turbo@^7.1.0":
  version "7.1.0"
  resolved "https://registry.npmjs.org/@hotwired/turbo/-/turbo-7.1.0.tgz"
  integrity sha512-Q8kGjqwPqER+CtpQudbH+3Zgs2X4zb6pBAlr6NsKTXadg45pAOvxI9i4QpuHbwSzR2+x87HUm+rot9F/Pe8rxA==

"@rails/actioncable@^7.0":
  version "7.0.3"
  resolved "https://registry.npmjs.org/@rails/actioncable/-/actioncable-7.0.3.tgz"
  integrity sha512-Iefl21FZD+ck1di6xSHMYzSzRiNJTHV4NrAzCfDfqc/wPz4xncrP8f2/fJ+2jzwKIaDn76UVMsALh7R5OzsF8Q==

clsx@^1.1.0, clsx@^1.1.1:
  version "1.1.1"
  resolved "https://registry.npmjs.org/clsx/-/clsx-1.1.1.tgz"
  integrity sha512-6/bPho624p3S2pMyvP5kKBPXnI3ufHLObBFCfgx+LkeR5lg2XYy2hqZqUf45ypD8COn2bhgGJSUE+l5dhNBieA==

esbuild-android-64@0.14.42:
  version "0.14.42"
  resolved "https://registry.yarnpkg.com/esbuild-android-64/-/esbuild-android-64-0.14.42.tgz#d7ab3d44d3671218d22bce52f65642b12908d954"
  integrity sha512-P4Y36VUtRhK/zivqGVMqhptSrFILAGlYp0Z8r9UQqHJ3iWztRCNWnlBzD9HRx0DbueXikzOiwyOri+ojAFfW6A==

esbuild-android-arm64@0.14.42:
  version "0.14.42"
  resolved "https://registry.yarnpkg.com/esbuild-android-arm64/-/esbuild-android-arm64-0.14.42.tgz#45336d8bec49abddb3a022996a23373f45a57c27"
  integrity sha512-0cOqCubq+RWScPqvtQdjXG3Czb3AWI2CaKw3HeXry2eoA2rrPr85HF7IpdU26UWdBXgPYtlTN1LUiuXbboROhg==

esbuild-darwin-64@0.14.42:
  version "0.14.42"
  resolved "https://registry.npmjs.org/esbuild-darwin-64/-/esbuild-darwin-64-0.14.42.tgz"
  integrity sha512-ipiBdCA3ZjYgRfRLdQwP82rTiv/YVMtW36hTvAN5ZKAIfxBOyPXY7Cejp3bMXWgzKD8B6O+zoMzh01GZsCuEIA==

esbuild-darwin-arm64@0.14.42:
  version "0.14.42"
  resolved "https://registry.yarnpkg.com/esbuild-darwin-arm64/-/esbuild-darwin-arm64-0.14.42.tgz#2c7313e1b12d2fa5b889c03213d682fb92ca8c4f"
  integrity sha512-bU2tHRqTPOaoH/4m0zYHbFWpiYDmaA0gt90/3BMEFaM0PqVK/a6MA2V/ypV5PO0v8QxN6gH5hBPY4YJ2lopXgA==

esbuild-freebsd-64@0.14.42:
  version "0.14.42"
  resolved "https://registry.yarnpkg.com/esbuild-freebsd-64/-/esbuild-freebsd-64-0.14.42.tgz#ad1c5a564a7e473b8ce95ee7f76618d05d6daffc"
  integrity sha512-75h1+22Ivy07+QvxHyhVqOdekupiTZVLN1PMwCDonAqyXd8TVNJfIRFrdL8QmSJrOJJ5h8H1I9ETyl2L8LQDaw==

esbuild-freebsd-arm64@0.14.42:
  version "0.14.42"
  resolved "https://registry.yarnpkg.com/esbuild-freebsd-arm64/-/esbuild-freebsd-arm64-0.14.42.tgz#4bdb480234144f944f1930829bace7561135ddc7"
  integrity sha512-W6Jebeu5TTDQMJUJVarEzRU9LlKpNkPBbjqSu+GUPTHDCly5zZEQq9uHkmHHl7OKm+mQ2zFySN83nmfCeZCyNA==

esbuild-linux-32@0.14.42:
  version "0.14.42"
  resolved "https://registry.yarnpkg.com/esbuild-linux-32/-/esbuild-linux-32-0.14.42.tgz#ef18fd19f067e9d2b5f677d6b82fa81519f5a8c2"
  integrity sha512-Ooy/Bj+mJ1z4jlWcK5Dl6SlPlCgQB9zg1UrTCeY8XagvuWZ4qGPyYEWGkT94HUsRi2hKsXvcs6ThTOjBaJSMfg==

esbuild-linux-64@0.14.42:
  version "0.14.42"
  resolved "https://registry.yarnpkg.com/esbuild-linux-64/-/esbuild-linux-64-0.14.42.tgz#d84e7333b1c1b22cf8b5b9dbb5dd9b2ecb34b79f"
  integrity sha512-2L0HbzQfbTuemUWfVqNIjOfaTRt9zsvjnme6lnr7/MO9toz/MJ5tZhjqrG6uDWDxhsaHI2/nsDgrv8uEEN2eoA==

esbuild-linux-arm64@0.14.42:
  version "0.14.42"
  resolved "https://registry.yarnpkg.com/esbuild-linux-arm64/-/esbuild-linux-arm64-0.14.42.tgz#dc19e282f8c4ffbaa470c02a4d171e4ae0180cca"
  integrity sha512-c3Ug3e9JpVr8jAcfbhirtpBauLxzYPpycjWulD71CF6ZSY26tvzmXMJYooQ2YKqDY4e/fPu5K8bm7MiXMnyxuA==

esbuild-linux-arm@0.14.42:
  version "0.14.42"
  resolved "https://registry.yarnpkg.com/esbuild-linux-arm/-/esbuild-linux-arm-0.14.42.tgz#d49870e63e2242b8156bf473f2ee5154226be328"
  integrity sha512-STq69yzCMhdRaWnh29UYrLSr/qaWMm/KqwaRF1pMEK7kDiagaXhSL1zQGXbYv94GuGY/zAwzK98+6idCMUOOCg==

esbuild-linux-mips64le@0.14.42:
  version "0.14.42"
  resolved "https://registry.yarnpkg.com/esbuild-linux-mips64le/-/esbuild-linux-mips64le-0.14.42.tgz#f4e6ff9bf8a6f175470498826f48d093b054fc22"
  integrity sha512-QuvpHGbYlkyXWf2cGm51LBCHx6eUakjaSrRpUqhPwjh/uvNUYvLmz2LgPTTPwCqaKt0iwL+OGVL0tXA5aDbAbg==

esbuild-linux-ppc64le@0.14.42:
  version "0.14.42"
  resolved "https://registry.yarnpkg.com/esbuild-linux-ppc64le/-/esbuild-linux-ppc64le-0.14.42.tgz#ac9c66fc80ba9f8fda15a4cc08f4e55f6c0aed63"
  integrity sha512-8ohIVIWDbDT+i7lCx44YCyIRrOW1MYlks9fxTo0ME2LS/fxxdoJBwHWzaDYhjvf8kNpA+MInZvyOEAGoVDrMHg==

esbuild-linux-riscv64@0.14.42:
  version "0.14.42"
  resolved "https://registry.yarnpkg.com/esbuild-linux-riscv64/-/esbuild-linux-riscv64-0.14.42.tgz#21e0ae492a3a9bf4eecbfc916339a66e204256d0"
  integrity sha512-DzDqK3TuoXktPyG1Lwx7vhaF49Onv3eR61KwQyxYo4y5UKTpL3NmuarHSIaSVlTFDDpcIajCDwz5/uwKLLgKiQ==

esbuild-linux-s390x@0.14.42:
  version "0.14.42"
  resolved "https://registry.yarnpkg.com/esbuild-linux-s390x/-/esbuild-linux-s390x-0.14.42.tgz#06d40b957250ffd9a2183bfdfc9a03d6fd21b3e8"
  integrity sha512-YFRhPCxl8nb//Wn6SiS5pmtplBi4z9yC2gLrYoYI/tvwuB1jldir9r7JwAGy1Ck4D7sE7wBN9GFtUUX/DLdcEQ==

esbuild-netbsd-64@0.14.42:
  version "0.14.42"
  resolved "https://registry.yarnpkg.com/esbuild-netbsd-64/-/esbuild-netbsd-64-0.14.42.tgz#185664f05f10914f14ed43bd9e22b7de584267f7"
  integrity sha512-QYSD2k+oT9dqB/4eEM9c+7KyNYsIPgzYOSrmfNGDIyJrbT1d+CFVKvnKahDKNJLfOYj8N4MgyFaU9/Ytc6w5Vw==

esbuild-openbsd-64@0.14.42:
  version "0.14.42"
  resolved "https://registry.yarnpkg.com/esbuild-openbsd-64/-/esbuild-openbsd-64-0.14.42.tgz#c29006f659eb4e55283044bbbd4eb4054fae8839"
  integrity sha512-M2meNVIKWsm2HMY7+TU9AxM7ZVwI9havdsw6m/6EzdXysyCFFSoaTQ/Jg03izjCsK17FsVRHqRe26Llj6x0MNA==

esbuild-sunos-64@0.14.42:
  version "0.14.42"
  resolved "https://registry.yarnpkg.com/esbuild-sunos-64/-/esbuild-sunos-64-0.14.42.tgz#aa9eec112cd1e7105e7bb37000eca7d460083f8f"
  integrity sha512-uXV8TAZEw36DkgW8Ak3MpSJs1ofBb3Smkc/6pZ29sCAN1KzCAQzsje4sUwugf+FVicrHvlamCOlFZIXgct+iqQ==

esbuild-windows-32@0.14.42:
  version "0.14.42"
  resolved "https://registry.yarnpkg.com/esbuild-windows-32/-/esbuild-windows-32-0.14.42.tgz#c3fc450853c61a74dacc5679de301db23b73e61e"
  integrity sha512-4iw/8qWmRICWi9ZOnJJf9sYt6wmtp3hsN4TdI5NqgjfOkBVMxNdM9Vt3626G1Rda9ya2Q0hjQRD9W1o+m6Lz6g==

esbuild-windows-64@0.14.42:
  version "0.14.42"
  resolved "https://registry.yarnpkg.com/esbuild-windows-64/-/esbuild-windows-64-0.14.42.tgz#b877aa37ff47d9fcf0ccb1ca6a24b31475a5e555"
  integrity sha512-j3cdK+Y3+a5H0wHKmLGTJcq0+/2mMBHPWkItR3vytp/aUGD/ua/t2BLdfBIzbNN9nLCRL9sywCRpOpFMx3CxzA==

esbuild-windows-arm64@0.14.42:
  version "0.14.42"
  resolved "https://registry.yarnpkg.com/esbuild-windows-arm64/-/esbuild-windows-arm64-0.14.42.tgz#79da8744626f24bc016dc40d016950b5a4a2bac5"
  integrity sha512-+lRAARnF+hf8J0mN27ujO+VbhPbDqJ8rCcJKye4y7YZLV6C4n3pTRThAb388k/zqF5uM0lS5O201u0OqoWSicw==

esbuild@^0.14.42:
  version "0.14.42"
  resolved "https://registry.npmjs.org/esbuild/-/esbuild-0.14.42.tgz"
  integrity sha512-V0uPZotCEHokJdNqyozH6qsaQXqmZEOiZWrXnds/zaH/0SyrIayRXWRB98CENO73MIZ9T3HBIOsmds5twWtmgw==
  optionalDependencies:
    esbuild-android-64 "0.14.42"
    esbuild-android-arm64 "0.14.42"
    esbuild-darwin-64 "0.14.42"
    esbuild-darwin-arm64 "0.14.42"
    esbuild-freebsd-64 "0.14.42"
    esbuild-freebsd-arm64 "0.14.42"
    esbuild-linux-32 "0.14.42"
    esbuild-linux-64 "0.14.42"
    esbuild-linux-arm "0.14.42"
    esbuild-linux-arm64 "0.14.42"
    esbuild-linux-mips64le "0.14.42"
    esbuild-linux-ppc64le "0.14.42"
    esbuild-linux-riscv64 "0.14.42"
    esbuild-linux-s390x "0.14.42"
    esbuild-netbsd-64 "0.14.42"
    esbuild-openbsd-64 "0.14.42"
    esbuild-sunos-64 "0.14.42"
    esbuild-windows-32 "0.14.42"
    esbuild-windows-64 "0.14.42"
    esbuild-windows-arm64 "0.14.42"

history@^5.2.0:
  version "5.3.0"
  resolved "https://registry.npmjs.org/history/-/history-5.3.0.tgz"
  integrity sha512-ZqaKwjjrAYUYfLG+htGaIIZ4nioX2L70ZUMIFysS3xvBsSG4x/n1V6TXV3N8ZYNuFGlDirFg32T7B6WOUPDYcQ==
  dependencies:
    "@babel/runtime" "^7.7.6"

invariant@^2.2.4:
  version "2.2.4"
  resolved "https://registry.npmjs.org/invariant/-/invariant-2.2.4.tgz"
  integrity sha512-phJfQVBuaJM5raOpJjSfkiD6BpbCE4Ns//LaXl6wGYtUBY83nWS6Rf9tXm2e8VaK60JEjYldbPif/A2B1C2gNA==
  dependencies:
    loose-envify "^1.0.0"

"js-tokens@^3.0.0 || ^4.0.0":
  version "4.0.0"
  resolved "https://registry.npmjs.org/js-tokens/-/js-tokens-4.0.0.tgz"
  integrity sha512-RdJUflcE3cUzKiMqQgsCu06FPu9UdIJO0beYbPhHN4k6apgJtifcoCtT9bcxOpYBtpD2kCM6Sbzg4CausW/PKQ==

loose-envify@^1.0.0, loose-envify@^1.1.0, loose-envify@^1.4.0:
  version "1.4.0"
  resolved "https://registry.npmjs.org/loose-envify/-/loose-envify-1.4.0.tgz"
  integrity sha512-lyuxPGr/Wfhrlem2CL/UcnUc1zcqKAImBDzukY7Y5F/yQiNdko6+fRLevlw1HgMySw7f611UIY408EtxRSoK3Q==
  dependencies:
    js-tokens "^3.0.0 || ^4.0.0"

moment@^2.29.3:
  version "2.29.3"
  resolved "https://registry.npmjs.org/moment/-/moment-2.29.3.tgz"
  integrity sha512-c6YRvhEo//6T2Jz/vVtYzqBzwvPT95JBQ+smCytzf7c50oMZRsR/a4w88aD34I+/QVSfnoAnSBFPJHItlOMJVw==

object-assign@^4.1.1:
  version "4.1.1"
  resolved "https://registry.npmjs.org/object-assign/-/object-assign-4.1.1.tgz"
  integrity sha512-rJgTQnkUnH1sFw8yT6VSU3zD3sWmu6sZhIseY8VX+GRu3P6F7Fu+JNDoXfklElbLJSnc3FUQHVe4cU5hj+BcUg==

prop-types@^15.5.0, prop-types@^15.7.2, prop-types@^15.8.1:
  version "15.8.1"
  resolved "https://registry.npmjs.org/prop-types/-/prop-types-15.8.1.tgz"
  integrity sha512-oj87CgZICdulUohogVAR7AjlC0327U4el4L6eAvOqCeudMDVU0NThNaV+b9Df4dXgSP1gXMTnPdhfe/2qDH5cg==
  dependencies:
    loose-envify "^1.4.0"
    object-assign "^4.1.1"
    react-is "^16.13.1"

react-dom@^18.1.0:
  version "18.1.0"
  resolved "https://registry.npmjs.org/react-dom/-/react-dom-18.1.0.tgz"
  integrity sha512-fU1Txz7Budmvamp7bshe4Zi32d0ll7ect+ccxNu9FlObT605GOEB8BfO4tmRJ39R5Zj831VCpvQ05QPBW5yb+w==
  dependencies:
    loose-envify "^1.1.0"
    scheduler "^0.22.0"

react-fast-compare@^3.1.1, react-fast-compare@^3.2.0:
  version "3.2.0"
  resolved "https://registry.npmjs.org/react-fast-compare/-/react-fast-compare-3.2.0.tgz"
  integrity sha512-rtGImPZ0YyLrscKI9xTpV8psd6I8VAtjKCzQDlzyDvqJA8XOW78TXYQwNRNd8g8JZnDu8q9Fu/1v4HPAVwVdHA==

react-helmet-async@^1.3.0:
  version "1.3.0"
  resolved "https://registry.npmjs.org/react-helmet-async/-/react-helmet-async-1.3.0.tgz"
  integrity sha512-9jZ57/dAn9t3q6hneQS0wukqC2ENOBgMNVEhb/ZG9ZSxUetzVIw4iAmEU38IaVg3QGYauQPhSeUTuIUtFglWpg==
  dependencies:
    "@babel/runtime" "^7.12.5"
    invariant "^2.2.4"
    prop-types "^15.7.2"
    react-fast-compare "^3.2.0"
    shallowequal "^1.1.0"

react-helmet@^6.1.0:
  version "6.1.0"
  resolved "https://registry.npmjs.org/react-helmet/-/react-helmet-6.1.0.tgz"
  integrity sha512-4uMzEY9nlDlgxr61NL3XbKRy1hEkXmKNXhjbAIOVw5vcFrsdYbH2FEwcNyWvWinl103nXgzYNlns9ca+8kFiWw==
  dependencies:
    object-assign "^4.1.1"
    prop-types "^15.7.2"
    react-fast-compare "^3.1.1"
    react-side-effect "^2.1.0"

react-is@^16.13.1:
  version "16.13.1"
  resolved "https://registry.npmjs.org/react-is/-/react-is-16.13.1.tgz"
  integrity sha512-24e6ynE2H+OKt4kqsOvNd8kBpV65zoxbA4BVsEOB3ARVWQki/DHzaUoC5KuON/BiccDaCCTZBuOcfZs70kR8bQ==

react-router-dom@^6.3.0:
  version "6.3.0"
  resolved "https://registry.npmjs.org/react-router-dom/-/react-router-dom-6.3.0.tgz"
  integrity sha512-uaJj7LKytRxZNQV8+RbzJWnJ8K2nPsOOEuX7aQstlMZKQT0164C+X2w6bnkqU3sjtLvpd5ojrezAyfZ1+0sStw==
  dependencies:
    history "^5.2.0"
    react-router "6.3.0"

react-router@6.3.0:
  version "6.3.0"
  resolved "https://registry.npmjs.org/react-router/-/react-router-6.3.0.tgz"
  integrity sha512-7Wh1DzVQ+tlFjkeo+ujvjSqSJmkt1+8JO+T5xklPlgrh70y7ogx75ODRW0ThWhY7S+6yEDks8TYrtQe/aoboBQ==
  dependencies:
    history "^5.2.0"

react-side-effect@^2.1.0:
  version "2.1.1"
  resolved "https://registry.npmjs.org/react-side-effect/-/react-side-effect-2.1.1.tgz"
  integrity sha512-2FoTQzRNTncBVtnzxFOk2mCpcfxQpenBMbk5kSVBg5UcPqV9fRbgY2zhb7GTWWOlpFmAxhClBDlIq8Rsubz1yQ==

react-tabs@^5.1.0:
  version "5.1.0"
  resolved "https://registry.npmjs.org/react-tabs/-/react-tabs-5.1.0.tgz"
  integrity sha512-jsPVEPuhG7JljTo8Q4ujz4UKRpG90nHlDClAdvV5KrLxCHU+MT/kg7dmhq8fDv8+frciDtaYeFFlTVRLm4N5AQ==
  dependencies:
    clsx "^1.1.0"
    prop-types "^15.5.0"

react-toastify@^9.0.3:
  version "9.0.3"
  resolved "https://registry.npmjs.org/react-toastify/-/react-toastify-9.0.3.tgz"
  integrity sha512-0QZJk0SqYBxouRBGCFU3ymvjlwimRRhVH7SzqGRiVrQ001KSoUNbGKx9Yq42aoPv18n45yJzEFG82zqv3HnASg==
  dependencies:
    clsx "^1.1.1"

react@^18.1.0:
  version "18.1.0"
  resolved "https://registry.npmjs.org/react/-/react-18.1.0.tgz"
  integrity sha512-4oL8ivCz5ZEPyclFQXaNksK3adutVS8l2xzZU0cqEFrE9Sb7fC0EFK5uEk74wIreL1DERyjvsU915j1pcT2uEQ==
  dependencies:
    loose-envify "^1.1.0"

regenerator-runtime@^0.13.4:
  version "0.13.9"
  resolved "https://registry.npmjs.org/regenerator-runtime/-/regenerator-runtime-0.13.9.tgz"
  integrity sha512-p3VT+cOEgxFsRRA9X4lkI1E+k2/CtnKtU4gcxyaCUreilL/vqI6CdZ3wxVUx3UOUg+gnUOQQcRI7BmSI656MYA==

scheduler@^0.22.0:
  version "0.22.0"
  resolved "https://registry.npmjs.org/scheduler/-/scheduler-0.22.0.tgz"
  integrity sha512-6QAm1BgQI88NPYymgGQLCZgvep4FyePDWFpXVK+zNSUgHwlqpJy8VEh8Et0KxTACS4VWwMousBElAZOH9nkkoQ==
  dependencies:
    loose-envify "^1.1.0"

shallowequal@^1.1.0:
  version "1.1.0"
  resolved "https://registry.npmjs.org/shallowequal/-/shallowequal-1.1.0.tgz"
  integrity sha512-y0m1JoUZSlPAjXVtPPW70aZWfIL/dSP7AFkRnniLCrK/8MDKog3TySTBmckD+RObVxH0v4Tox67+F14PdED2oQ==

to-fast-properties@^2.0.0:
  version "2.0.0"
  resolved "https://registry.npmjs.org/to-fast-properties/-/to-fast-properties-2.0.0.tgz"
  integrity sha512-/OaKK0xYrs3DmxRYqL/yDc+FxFUVYhDlXMhRmv3z915w2HF1tnN1omB354j8VUGO/hbRzyD6Y3sA7v7GS/ceog==
